
Microsoft Visual Studio Solution File, Format Version 10.00
# Visual Studio 2008
Project("{FAE04EC0-301F-11D3-BF4B-00C04F79EFBC}") = "SimpleLexer", "SimpleLexer.csproj", "{52D1942C-521C-45D1-8C92-2CC965F30724}"
EndProject
Global
	GlobalSection(SolutionConfigurationPlatforms) = preSolution
		Debug|Any CPU = Debug|Any CPU
		Release|Any CPU = Release|Any CPU
	EndGlobalSection
	GlobalSection(ProjectConfigurationPlatforms) = postSolution
		{52D1942C-521C-45D1-8C92-2CC965F30724}.Debug|Any CPU.ActiveCfg = Debug|Any CPU
		{52D1942C-521C-45D1-8C92-2CC965F30724}.Debug|Any CPU.Build.0 = Debug|Any CPU
		{52D1942C-521C-45D1-8C92-2CC965F30724}.Release|Any CPU.ActiveCfg = Release|Any CPU
		{52D1942C-521C-45D1-8C92-2CC965F30724}.Release|Any CPU.Build.0 = Release|Any CPU
	EndGlobalSection
	GlobalSection(SolutionProperties) = preSolution
		HideSolutionNode = FALSE
	EndGlobalSection
EndGlobal
